
Microsoft Visual Studio Solution File, Format Version 12.00
Project("{FAE04EC0-301F-11D3-BF4B-00C04F79EFBC}") = "ConsoleApp1", "ConsoleApp1\ConsoleApp1.csproj", "{6092B209-796F-4AE1-BAFC-4AA4FD74BBE9}"
EndProject
Project("{FAE04EC0-301F-11D3-BF4B-00C04F79EFBC}") = "basics", "Operator overloading \basics.csproj", "{A514DD0C-3C1C-4DF5-9473-BB427D213A1A}"
EndProject
Project("{FAE04EC0-301F-11D3-BF4B-00C04F79EFBC}") = "exceptions", "exceptions\exceptions.csproj", "{58215855-0F46-4689-B437-779ACE9C08F8}"
EndProject
Project("{FAE04EC0-301F-11D3-BF4B-00C04F79EFBC}") = "oops", "oops\oops.csproj", "{D54A3D09-B3EF-454A-A164-2CE23B9082D3}"
EndProject
Project("{FAE04EC0-301F-11D3-BF4B-00C04F79EFBC}") = "LibraryCheckout", "LibraryCheckout\LibraryCheckout.csproj", "{6F1B7857-8CDC-4FE3-9768-F087E347B55D}"
EndProject
Project("{FAE04EC0-301F-11D3-BF4B-00C04F79EFBC}") = "regrex.testing", "testing \regrex.testing.csproj", "{34B57153-B455-476F-A3E6-648937216DC9}"
EndProject
Project("{FAE04EC0-301F-11D3-BF4B-00C04F79EFBC}") = "Regres", "Regres\Regres.csproj", "{9B41E4B0-2543-403E-BBCE-9ED9A1D1386E}"
EndProject
Project("{FAE04EC0-301F-11D3-BF4B-00C04F79EFBC}") = "Linked_List", "Linked_List\Linked_List.csproj", "{8A230060-9E9A-4F71-9429-9208D7FA7FE4}"
EndProject
Project("{FAE04EC0-301F-11D3-BF4B-00C04F79EFBC}") = "Linq", "Linq\Linq.csproj", "{57D5BEAB-1B1B-40CB-974C-FE733ADD50CB}"
EndProject
Project("{2150E333-8FDC-42A3-9474-1A3956D46DE8}") = "SubDomainAnalyser", "SubDomainAnalyser", "{6FA70D04-2752-4C47-BF16-AF30F36C1C38}"
EndProject
Project("{FAE04EC0-301F-11D3-BF4B-00C04F79EFBC}") = "HospitalER", "HospitalER\HospitalER.csproj", "{37C47950-2968-402F-91EE-03BDC8F139E4}"
EndProject
Project("{FAE04EC0-301F-11D3-BF4B-00C04F79EFBC}") = "Kitchen System", "Kitchen System\Kitchen System.csproj", "{E8EF0C73-CB5F-45C1-9420-512CD11D89D1}"
EndProject
Project("{2150E333-8FDC-42A3-9474-1A3956D46DE8}") = "Review4", "Review4", "{F1FE67C7-4132-4D71-9E17-B86B2710E6C9}"
EndProject
Project("{FAE04EC0-301F-11D3-BF4B-00C04F79EFBC}") = "FinanceTracker", "FinanceTracker\FinanceTracker.csproj", "{8D7E0BD3-CFE7-481C-A8CD-1A3EB30765B8}"
EndProject
Global
	GlobalSection(SolutionConfigurationPlatforms) = preSolution
		Debug|Any CPU = Debug|Any CPU
		Release|Any CPU = Release|Any CPU
	EndGlobalSection
	GlobalSection(ProjectConfigurationPlatforms) = postSolution
		{6092B209-796F-4AE1-BAFC-4AA4FD74BBE9}.Debug|Any CPU.ActiveCfg = Debug|Any CPU
		{6092B209-796F-4AE1-BAFC-4AA4FD74BBE9}.Release|Any CPU.ActiveCfg = Release|Any CPU
		{6092B209-796F-4AE1-BAFC-4AA4FD74BBE9}.Release|Any CPU.Build.0 = Release|Any CPU
		{A514DD0C-3C1C-4DF5-9473-BB427D213A1A}.Debug|Any CPU.ActiveCfg = Debug|Any CPU
		{A514DD0C-3C1C-4DF5-9473-BB427D213A1A}.Release|Any CPU.ActiveCfg = Release|Any CPU
		{A514DD0C-3C1C-4DF5-9473-BB427D213A1A}.Release|Any CPU.Build.0 = Release|Any CPU
		{58215855-0F46-4689-B437-779ACE9C08F8}.Debug|Any CPU.ActiveCfg = Debug|Any CPU
		{58215855-0F46-4689-B437-779ACE9C08F8}.Release|Any CPU.ActiveCfg = Release|Any CPU
		{58215855-0F46-4689-B437-779ACE9C08F8}.Release|Any CPU.Build.0 = Release|Any CPU
		{D54A3D09-B3EF-454A-A164-2CE23B9082D3}.Debug|Any CPU.ActiveCfg = Debug|Any CPU
		{D54A3D09-B3EF-454A-A164-2CE23B9082D3}.Release|Any CPU.ActiveCfg = Release|Any CPU
		{D54A3D09-B3EF-454A-A164-2CE23B9082D3}.Release|Any CPU.Build.0 = Release|Any CPU
		{6F1B7857-8CDC-4FE3-9768-F087E347B55D}.Debug|Any CPU.ActiveCfg = Debug|Any CPU
		{6F1B7857-8CDC-4FE3-9768-F087E347B55D}.Release|Any CPU.ActiveCfg = Release|Any CPU
		{6F1B7857-8CDC-4FE3-9768-F087E347B55D}.Release|Any CPU.Build.0 = Release|Any CPU
		{34B57153-B455-476F-A3E6-648937216DC9}.Debug|Any CPU.ActiveCfg = Debug|Any CPU
		{34B57153-B455-476F-A3E6-648937216DC9}.Release|Any CPU.ActiveCfg = Release|Any CPU
		{34B57153-B455-476F-A3E6-648937216DC9}.Release|Any CPU.Build.0 = Release|Any CPU
		{9B41E4B0-2543-403E-BBCE-9ED9A1D1386E}.Debug|Any CPU.ActiveCfg = Debug|Any CPU
		{9B41E4B0-2543-403E-BBCE-9ED9A1D1386E}.Release|Any CPU.ActiveCfg = Release|Any CPU
		{9B41E4B0-2543-403E-BBCE-9ED9A1D1386E}.Release|Any CPU.Build.0 = Release|Any CPU
		{8A230060-9E9A-4F71-9429-9208D7FA7FE4}.Debug|Any CPU.ActiveCfg = Debug|Any CPU
		{8A230060-9E9A-4F71-9429-9208D7FA7FE4}.Release|Any CPU.ActiveCfg = Release|Any CPU
		{8A230060-9E9A-4F71-9429-9208D7FA7FE4}.Release|Any CPU.Build.0 = Release|Any CPU
		{57D5BEAB-1B1B-40CB-974C-FE733ADD50CB}.Debug|Any CPU.ActiveCfg = Debug|Any CPU
		{57D5BEAB-1B1B-40CB-974C-FE733ADD50CB}.Release|Any CPU.ActiveCfg = Release|Any CPU
		{57D5BEAB-1B1B-40CB-974C-FE733ADD50CB}.Release|Any CPU.Build.0 = Release|Any CPU
		{37C47950-2968-402F-91EE-03BDC8F139E4}.Debug|Any CPU.ActiveCfg = Debug|Any CPU
		{37C47950-2968-402F-91EE-03BDC8F139E4}.Release|Any CPU.ActiveCfg = Release|Any CPU
		{37C47950-2968-402F-91EE-03BDC8F139E4}.Release|Any CPU.Build.0 = Release|Any CPU
		{E8EF0C73-CB5F-45C1-9420-512CD11D89D1}.Debug|Any CPU.ActiveCfg = Debug|Any CPU
		{E8EF0C73-CB5F-45C1-9420-512CD11D89D1}.Release|Any CPU.ActiveCfg = Release|Any CPU
		{E8EF0C73-CB5F-45C1-9420-512CD11D89D1}.Release|Any CPU.Build.0 = Release|Any CPU
		{8D7E0BD3-CFE7-481C-A8CD-1A3EB30765B8}.Debug|Any CPU.ActiveCfg = Debug|Any CPU
		{8D7E0BD3-CFE7-481C-A8CD-1A3EB30765B8}.Debug|Any CPU.Build.0 = Debug|Any CPU
		{8D7E0BD3-CFE7-481C-A8CD-1A3EB30765B8}.Release|Any CPU.ActiveCfg = Release|Any CPU
		{8D7E0BD3-CFE7-481C-A8CD-1A3EB30765B8}.Release|Any CPU.Build.0 = Release|Any CPU
	EndGlobalSection
	GlobalSection(NestedProjects) = preSolution
		{F1FE67C7-4132-4D71-9E17-B86B2710E6C9} = {6FA70D04-2752-4C47-BF16-AF30F36C1C38}
	EndGlobalSection
EndGlobal
